// !$*UTF8*$!
{
	archiveVersion = 1;
	classes = {
	};
	objectVersion = 46;
	objects = {

/* Begin PBXBuildFile section */
		CAD5C5501A4A10CA00B39B8E /* main.m in Sources */ = {isa = PBXBuildFile; fileRef = CAD5C54F1A4A10CA00B39B8E /* main.m */; };
		CAD5C5531A4A10CA00B39B8E /* AppDelegate.m in Sources */ = {isa = PBXBuildFile; fileRef = CAD5C5521A4A10CA00B39B8E /* AppDelegate.m */; };
		CAD5C5561A4A10CA00B39B8E /* ViewController.m in Sources */ = {isa = PBXBuildFile; fileRef = CAD5C5551A4A10CA00B39B8E /* ViewController.m */; };
		CAD5C5591A4A10CA00B39B8E /* Main.storyboard in Resources */ = {isa = PBXBuildFile; fileRef = CAD5C5571A4A10CA00B39B8E /* Main.storyboard */; };
		CAD5C55B1A4A10CA00B39B8E /* Images.xcassets in Resources */ = {isa = PBXBuildFile; fileRef = CAD5C55A1A4A10CA00B39B8E /* Images.xcassets */; };
		CAD5C55E1A4A10CA00B39B8E /* LaunchScreen.xib in Resources */ = {isa = PBXBuildFile; fileRef = CAD5C55C1A4A10CA00B39B8E /* LaunchScreen.xib */; };
		CAD5C56A1A4A10CA00B39B8E /* Nabu_TutorialsTests.m in Sources */ = {isa = PBXBuildFile; fileRef = CAD5C5691A4A10CA00B39B8E /* Nabu_TutorialsTests.m */; };
		CAD5C5741A4A23E700B39B8E /* NabuOpenSDK.framework in Frameworks */ = {isa = PBXBuildFile; fileRef = CAD5C5731A4A23E700B39B8E /* NabuOpenSDK.framework */; };
		CAD5C5761A4A242A00B39B8E /* libxml2.2.dylib in Frameworks */ = {isa = PBXBuildFile; fileRef = CAD5C5751A4A242A00B39B8E /* libxml2.2.dylib */; };
/* End PBXBuildFile section */

/* Begin PBXContainerItemProxy section */
		CAD5C5641A4A10CA00B39B8E /* PBXContainerItemProxy */ = {
			isa = PBXContainerItemProxy;
			containerPortal = CAD5C5421A4A10CA00B39B8E /* Project object */;
			proxyType = 1;
			remoteGlobalIDString = CAD5C5491A4A10CA00B39B8E;
			remoteInfo = "Nabu Tutorials";
		};
/* End PBXContainerItemProxy section */

/* Begin PBXFileReference section */
		CAD5C54A1A4A10CA00B39B8E /* Nabu Tutorials.app */ = {isa = PBXFileReference; explicitFileType = wrapper.application; includeInIndex = 0; path = "Nabu Tutorials.app"; sourceTree = BUILT_PRODUCTS_DIR; };
		CAD5C54E1A4A10CA00B39B8E /* Info.plist */ = {isa = PBXFileReference; lastKnownFileType = text.plist.xml; path = Info.plist; sourceTree = "<group>"; };
		CAD5C54F1A4A10CA00B39B8E /* main.m */ = {isa = PBXFileReference; lastKnownFileType = sourcecode.c.objc; path = main.m; sourceTree = "<group>"; };
		CAD5C5511A4A10CA00B39B8E /* AppDelegate.h */ = {isa = PBXFileReference; lastKnownFileType = sourcecode.c.h; path = AppDelegate.h; sourceTree = "<group>"; };
		CAD5C5521A4A10CA00B39B8E /* AppDelegate.m */ = {isa = PBXFileReference; lastKnownFileType = sourcecode.c.objc; path = AppDelegate.m; sourceTree = "<group>"; };
		CAD5C5541A4A10CA00B39B8E /* ViewController.h */ = {isa = PBXFileReference; lastKnownFileType = sourcecode.c.h; path = ViewController.h; sourceTree = "<group>"; };
		CAD5C5551A4A10CA00B39B8E /* ViewController.m */ = {isa = PBXFileReference; lastKnownFileType = sourcecode.c.objc; path = ViewController.m; sourceTree = "<group>"; };
		CAD5C5581A4A10CA00B39B8E /* Base */ = {isa = PBXFileReference; lastKnownFileType = file.storyboard; name = Base; path = Base.lproj/Main.storyboard; sourceTree = "<group>"; };
		CAD5C55A1A4A10CA00B39B8E /* Images.xcassets */ = {isa = PBXFileReference; lastKnownFileType = folder.assetcatalog; path = Images.xcassets; sourceTree = "<group>"; };
		CAD5C55D1A4A10CA00B39B8E /* Base */ = {isa = PBXFileReference; lastKnownFileType = file.xib; name = Base; path = Base.lproj/LaunchScreen.xib; sourceTree = "<group>"; };
		CAD5C5631A4A10CA00B39B8E /* Nabu TutorialsTests.xctest */ = {isa = PBXFileReference; explicitFileType = wrapper.cfbundle; includeInIndex = 0; path = "Nabu TutorialsTests.xctest"; sourceTree = BUILT_PRODUCTS_DIR; };
		CAD5C5681A4A10CA00B39B8E /* Info.plist */ = {isa = PBXFileReference; lastKnownFileType = text.plist.xml; path = Info.plist; sourceTree = "<group>"; };
		CAD5C5691A4A10CA00B39B8E /* Nabu_TutorialsTests.m */ = {isa = PBXFileReference; lastKnownFileType = sourcecode.c.objc; path = Nabu_TutorialsTests.m; sourceTree = "<group>"; };
		CAD5C5731A4A23E700B39B8E /* NabuOpenSDK.framework */ = {isa = PBXFileReference; lastKnownFileType = wrapper.framework; name = NabuOpenSDK.framework; path = ../SDKs/NabuOpenSDK.framework; sourceTree = "<group>"; };
		CAD5C5751A4A242A00B39B8E /* libxml2.2.dylib */ = {isa = PBXFileReference; lastKnownFileType = "compiled.mach-o.dylib"; name = libxml2.2.dylib; path = usr/lib/libxml2.2.dylib; sourceTree = SDKROOT; };
/* End PBXFileReference section */

/* Begin PBXFrameworksBuildPhase section */
		CAD5C5471A4A10CA00B39B8E /* Frameworks */ = {
			isa = PBXFrameworksBuildPhase;
			buildActionMask = 2147483647;
			files = (
				CAD5C5761A4A242A00B39B8E /* libxml2.2.dylib in Frameworks */,
				CAD5C5741A4A23E700B39B8E /* NabuOpenSDK.framework in Frameworks */,
			);
			runOnlyForDeploymentPostprocessing = 0;
		};
		CAD5C5601A4A10CA00B39B8E /* Frameworks */ = {
			isa = PBXFrameworksBuildPhase;
			buildActionMask = 2147483647;
			files = (
			);
			runOnlyForDeploymentPostprocessing = 0;
		};
/* End PBXFrameworksBuildPhase section */

/* Begin PBXGroup section */
		CAD5C5411A4A10CA00B39B8E = {
			isa = PBXGroup;
			children = (
				CAD5C5751A4A242A00B39B8E /* libxml2.2.dylib */,
				CAD5C5731A4A23E700B39B8E /* NabuOpenSDK.framework */,
				CAD5C54C1A4A10CA00B39B8E /* Nabu Tutorials */,
				CAD5C5661A4A10CA00B39B8E /* Nabu TutorialsTests */,
				CAD5C54B1A4A10CA00B39B8E /* Products */,
			);
			sourceTree = "<group>";
		};
		CAD5C54B1A4A10CA00B39B8E /* Products */ = {
			isa = PBXGroup;
			children = (
				CAD5C54A1A4A10CA00B39B8E /* Nabu Tutorials.app */,
				CAD5C5631A4A10CA00B39B8E /* Nabu TutorialsTests.xctest */,
			);
			name = Products;
			sourceTree = "<group>";
		};
		CAD5C54C1A4A10CA00B39B8E /* Nabu Tutorials */ = {
			isa = PBXGroup;
			children = (
				CAD5C5511A4A10CA00B39B8E /* AppDelegate.h */,
				CAD5C5521A4A10CA00B39B8E /* AppDelegate.m */,
				CAD5C5541A4A10CA00B39B8E /* ViewController.h */,
				CAD5C5551A4A10CA00B39B8E /* ViewController.m */,
				CAD5C5571A4A10CA00B39B8E /* Main.storyboard */,
				CAD5C55A1A4A10CA00B39B8E /* Images.xcassets */,
				CAD5C55C1A4A10CA00B39B8E /* LaunchScreen.xib */,
				CAD5C54D1A4A10CA00B39B8E /* Supporting Files */,
			);
			path = "Nabu Tutorials";
			sourceTree = "<group>";
		};
		CAD5C54D1A4A10CA00B39B8E /* Supporting Files */ = {
			isa = PBXGroup;
			children = (
				CAD5C54E1A4A10CA00B39B8E /* Info.plist */,
				CAD5C54F1A4A10CA00B39B8E /* main.m */,
			);
			name = "Supporting Files";
			sourceTree = "<group>";
		};
		CAD5C5661A4A10CA00B39B8E /* Nabu TutorialsTests */ = {
			isa = PBXGroup;
			children = (
				CAD5C5691A4A10CA00B39B8E /* Nabu_TutorialsTests.m */,
				CAD5C5671A4A10CA00B39B8E /* Supporting Files */,
			);
			path = "Nabu TutorialsTests";
			sourceTree = "<group>";
		};
		CAD5C5671A4A10CA00B39B8E /* Supporting Files */ = {
			isa = PBXGroup;
			children = (
				CAD5C5681A4A10CA00B39B8E /* Info.plist */,
			);
			name = "Supporting Files";
			sourceTree = "<group>";
		};
/* End PBXGroup section */

/* Begin PBXNativeTarget section */
		CAD5C5491A4A10CA00B39B8E /* Nabu Tutorials */ = {
			isa = PBXNativeTarget;
			buildConfigurationList = CAD5C56D1A4A10CA00B39B8E /* Build configuration list for PBXNativeTarget "Nabu Tutorials" */;
			buildPhases = (
				CAD5C5461A4A10CA00B39B8E /* Sources */,
				CAD5C5471A4A10CA00B39B8E /* Frameworks */,
				CAD5C5481A4A10CA00B39B8E /* Resources */,
			);
			buildRules = (
			);
			dependencies = (
			);
			name = "Nabu Tutorials";
			productName = "Nabu Tutorials";
			productReference = CAD5C54A1A4A10CA00B39B8E /* Nabu Tutorials.app */;
			productType = "com.apple.product-type.application";
		};
		CAD5C5621A4A10CA00B39B8E /* Nabu TutorialsTests */ = {
			isa = PBXNativeTarget;
			buildConfigurationList = CAD5C5701A4A10CA00B39B8E /* Build configuration list for PBXNativeTarget "Nabu TutorialsTests" */;
			buildPhases = (
				CAD5C55F1A4A10CA00B39B8E /* Sources */,
				CAD5C5601A4A10CA00B39B8E /* Frameworks */,
				CAD5C5611A4A10CA00B39B8E /* Resources */,
			);
			buildRules = (
			);
			dependencies = (
				CAD5C5651A4A10CA00B39B8E /* PBXTargetDependency */,
			);
			name = "Nabu TutorialsTests";
			productName = "Nabu TutorialsTests";
			productReference = CAD5C5631A4A10CA00B39B8E /* Nabu TutorialsTests.xctest */;
			productType = "com.apple.product-type.bundle.unit-test";
		};
/* End PBXNativeTarget section */

/* Begin PBXProject section */
		CAD5C5421A4A10CA00B39B8E /* Project object */ = {
			isa = PBXProject;
			attributes = {
				LastUpgradeCheck = 0610;
				ORGANIZATIONNAME = "Brandon Scott";
				TargetAttributes = {
					CAD5C5491A4A10CA00B39B8E = {
						CreatedOnToolsVersion = 6.1.1;
						DevelopmentTeam = NUDP78Z29B;
					};
					CAD5C5621A4A10CA00B39B8E = {
						CreatedOnToolsVersion = 6.1.1;
						TestTargetID = CAD5C5491A4A10CA00B39B8E;
					};
				};
			};
			buildConfigurationList = CAD5C5451A4A10CA00B39B8E /* Build configuration list for PBXProject "Nabu Tutorials" */;
			compatibilityVersion = "Xcode 3.2";
			developmentRegion = English;
			hasScannedForEncodings = 0;
			knownRegions = (
				en,
				Base,
			);
			mainGroup = CAD5C5411A4A10CA00B39B8E;
			productRefGroup = CAD5C54B1A4A10CA00B39B8E /* Products */;
			projectDirPath = "";
			projectRoot = "";
			targets = (
				CAD5C5491A4A10CA00B39B8E /* Nabu Tutorials */,
				CAD5C5621A4A10CA00B39B8E /* Nabu TutorialsTests */,
			);
		};
/* End PBXProject section */

/* Begin PBXResourcesBuildPhase section */
		CAD5C5481A4A10CA00B39B8E /* Resources */ = {
			isa = PBXResourcesBuildPhase;
			buildActionMask = 2147483647;
			files = (
				CAD5C5591A4A10CA00B39B8E /* Main.storyboard in Resources */,
				CAD5C55E1A4A10CA00B39B8E /* LaunchScreen.xib in Resources */,
				CAD5C55B1A4A10CA00B39B8E /* Images.xcassets in Resources */,
			);
			runOnlyForDeploymentPostprocessing = 0;
		};
		CAD5C5611A4A10CA00B39B8E /* Resources */ = {
			isa = PBXResourcesBuildPhase;
			buildActionMask = 2147483647;
			files = (
			);
			runOnlyForDeploymentPostprocessing = 0;
		};
/* End PBXResourcesBuildPhase section */

/* Begin PBXSourcesBuildPhase section */
		CAD5C5461A4A10CA00B39B8E /* Sources */ = {
			isa = PBXSourcesBuildPhase;
			buildActionMask = 2147483647;
			files = (
				CAD5C5561A4A10CA00B39B8E /* ViewController.m in Sources */,
				CAD5C5531A4A10CA00B39B8E /* AppDelegate.m in Sources */,
				CAD5C5501A4A10CA00B39B8E /* main.m in Sources */,
			);
			runOnlyForDeploymentPostprocessing = 0;
		};
		CAD5C55F1A4A10CA00B39B8E /* Sources */ = {
			isa = PBXSourcesBuildPhase;
			buildActionMask = 2147483647;
			files = (
				CAD5C56A1A4A10CA00B39B8E /* Nabu_TutorialsTests.m in Sources */,
			);
			runOnlyForDeploymentPostprocessing = 0;
		};
/* End PBXSourcesBuildPhase section */

/* Begin PBXTargetDependency section */
		CAD5C5651A4A10CA00B39B8E /* PBXTargetDependency */ = {
			isa = PBXTargetDependency;
			target = CAD5C5491A4A10CA00B39B8E /* Nabu Tutorials */;
			targetProxy = CAD5C5641A4A10CA00B39B8E /* PBXContainerItemProxy */;
		};
/* End PBXTargetDependency section */

/* Begin PBXVariantGroup section */
		CAD5C5571A4A10CA00B39B8E /* Main.storyboard */ = {
			isa = PBXVariantGroup;
			children = (
				CAD5C5581A4A10CA00B39B8E /* Base */,
			);
			name = Main.storyboard;
			sourceTree = "<group>";
		};
		CAD5C55C1A4A10CA00B39B8E /* LaunchScreen.xib */ = {
			isa = PBXVariantGroup;
			children = (
				CAD5C55D1A4A10CA00B39B8E /* Base */,
			);
			name = LaunchScreen.xib;
			sourceTree = "<group>";
		};
/* End PBXVariantGroup section */

/* Begin XCBuildConfiguration section */
		CAD5C56B1A4A10CA00B39B8E /* Debug */ = {
			isa = XCBuildConfiguration;
			buildSettings = {
				ALWAYS_SEARCH_USER_PATHS = NO;
				CLANG_CXX_LANGUAGE_STANDARD = "gnu++0x";
				CLANG_CXX_LIBRARY = "libc++";
				CLANG_ENABLE_MODULES = YES;
				CLANG_ENABLE_OBJC_ARC = YES;
				CLANG_WARN_BOOL_CONVERSION = YES;
				CLANG_WARN_CONSTANT_CONVERSION = YES;
				CLANG_WARN_DIRECT_OBJC_ISA_USAGE = YES_ERROR;
				CLANG_WARN_EMPTY_BODY = YES;
				CLANG_WARN_ENUM_CONVERSION = YES;
				CLANG_WARN_INT_CONVERSION = YES;
				CLANG_WARN_OBJC_ROOT_CLASS = YES_ERROR;
				CLANG_WARN_UNREACHABLE_CODE = YES;
				CLANG_WARN__DUPLICATE_METHOD_MATCH = YES;
				"CODE_SIGN_IDENTITY[sdk=iphoneos*]" = "iPhone Developer";
				COPY_PHASE_STRIP = NO;
				ENABLE_STRICT_OBJC_MSGSEND = YES;
				GCC_C_LANGUAGE_STANDARD = gnu99;
				GCC_DYNAMIC_NO_PIC = NO;
				GCC_OPTIMIZATION_LEVEL = 0;
				GCC_PREPROCESSOR_DEFINITIONS = (
					"DEBUG=1",
					"$(inherited)",
				);
				GCC_SYMBOLS_PRIVATE_EXTERN = NO;
				GCC_WARN_64_TO_32_BIT_CONVERSION = YES;
				GCC_WARN_ABOUT_RETURN_TYPE = YES_ERROR;
				GCC_WARN_UNDECLARED_SELECTOR = YES;
				GCC_WARN_UNINITIALIZED_AUTOS = YES_AGGRESSIVE;
				GCC_WARN_UNUSED_FUNCTION = YES;
				GCC_WARN_UNUSED_VARIABLE = YES;
				IPHONEOS_DEPLOYMENT_TARGET = 8.1;
				MTL_ENABLE_DEBUG_INFO = YES;
				ONLY_ACTIVE_ARCH = YES;
				SDKROOT = iphoneos;
			};
			name = Debug;
		};
		CAD5C56C1A4A10CA00B39B8E /* Release */ = {
			isa = XCBuildConfiguration;
			buildSettings = {
				ALWAYS_SEARCH_USER_PATHS = NO;
				CLANG_CXX_LANGUAGE_STANDARD = "gnu++0x";
				CLANG_CXX_LIBRARY = "libc++";
				CLANG_ENABLE_MODULES = YES;
				CLANG_ENABLE_OBJC_ARC = YES;
				CLANG_WARN_BOOL_CONVERSION = YES;
				CLANG_WARN_CONSTANT_CONVERSION = YES;
				CLANG_WARN_DIRECT_OBJC_ISA_USAGE = YES_ERROR;
				CLANG_WARN_EMPTY_BODY = YES;
				CLANG_WARN_ENUM_CONVERSION = YES;
				CLANG_WARN_INT_CONVERSION = YES;
				CLANG_WARN_OBJC_ROOT_CLASS = YES_ERROR;
				CLANG_WARN_UNREACHABLE_CODE = YES;
				CLANG_WARN__DUPLICATE_METHOD_MATCH = YES;
				"CODE_SIGN_IDENTITY[sdk=iphoneos*]" = "iPhone Developer";
				COPY_PHASE_STRIP = YES;
				ENABLE_NS_ASSERTIONS = NO;
				ENABLE_STRICT_OBJC_MSGSEND = YES;
				GCC_C_LANGUAGE_STANDARD = gnu99;
				GCC_WARN_64_TO_32_BIT_CONVERSION = YES;
				GCC_WARN_ABOUT_RETURN_TYPE = YES_ERROR;
				GCC_WARN_UNDECLARED_SELECTOR = YES;
				GCC_WARN_UNINITIALIZED_AUTOS = YES_AGGRESSIVE;
				GCC_WARN_UNUSED_FUNCTION = YES;
				GCC_WARN_UNUSED_VARIABLE = YES;
				IPHONEOS_DEPLOYMENT_TARGET = 8.1;
				MTL_ENABLE_DEBUG_INFO = NO;
				SDKROOT = iphoneos;
				VALIDATE_PRODUCT = YES;
			};
			name = Release;
		};
		CAD5C56E1A4A10CA00B39B8E /* Debug */ = {
			isa = XCBuildConfiguration;
			buildSettings = {
				ASSETCATALOG_COMPILER_APPICON_NAME = AppIcon;
				FRAMEWORK_SEARCH_PATHS = (
					"$(inherited)",
					/Users/Brandon/Documents/Razer/Nabu/SDKs,
				);
				INFOPLIST_FILE = "Nabu Tutorials/Info.plist";
				LD_RUNPATH_SEARCH_PATHS = "$(inherited) @executable_path/Frameworks";
				PRODUCT_NAME = "$(TARGET_NAME)";
			};
			name = Debug;
		};
		CAD5C56F1A4A10CA00B39B8E /* Release */ = {
			isa = XCBuildConfiguration;
			buildSettings = {
				ASSETCATALOG_COMPILER_APPICON_NAME = AppIcon;
				FRAMEWORK_SEARCH_PATHS = (
					"$(inherited)",
					/Users/Brandon/Documents/Razer/Nabu/SDKs,
				);
				INFOPLIST_FILE = "Nabu Tutorials/Info.plist";
				LD_RUNPATH_SEARCH_PATHS = "$(inherited) @executable_path/Frameworks";
				PRODUCT_NAME = "$(TARGET_NAME)";
			};
			name = Release;
		};
		CAD5C5711A4A10CA00B39B8E /* Debug */ = {
			isa = XCBuildConfiguration;
			buildSettings = {
				BUNDLE_LOADER = "$(TEST_HOST)";
				FRAMEWORK_SEARCH_PATHS = (
					"$(SDKROOT)/Developer/Library/Frameworks",
					"$(inherited)",
				);
				GCC_PREPROCESSOR_DEFINITIONS = (
					"DEBUG=1",
					"$(inherited)",
				);
				INFOPLIST_FILE = "Nabu TutorialsTests/Info.plist";
				LD_RUNPATH_SEARCH_PATHS = "$(inherited) @executable_path/Frameworks @loader_path/Frameworks";
				PRODUCT_NAME = "$(TARGET_NAME)";
				TEST_HOST = "$(BUILT_PRODUCTS_DIR)/Nabu Tutorials.app/Nabu Tutorials";
			};
			name = Debug;
		};
		CAD5C5721A4A10CA00B39B8E /* Release */ = {
			isa = XCBuildConfiguration;
			buildSettings = {
				BUNDLE_LOADER = "$(TEST_HOST)";
				FRAMEWORK_SEARCH_PATHS = (
					"$(SDKROOT)/Developer/Library/Frameworks",
					"$(inherited)",
				);
				INFOPLIST_FILE = "Nabu TutorialsTests/Info.plist";
				LD_RUNPATH_SEARCH_PATHS = "$(inherited) @executable_path/Frameworks @loader_path/Frameworks";
				PRODUCT_NAME = "$(TARGET_NAME)";
				TEST_HOST = "$(BUILT_PRODUCTS_DIR)/Nabu Tutorials.app/Nabu Tutorials";
			};
			name = Release;
		};
/* End XCBuildConfiguration section */

/* Begin XCConfigurationList section */
		CAD5C5451A4A10CA00B39B8E /* Build configuration list for PBXProject "Nabu Tutorials" */ = {
			isa = XCConfigurationList;
			buildConfigurations = (
				CAD5C56B1A4A10CA00B39B8E /* Debug */,
				CAD5C56C1A4A10CA00B39B8E /* Release */,
			);
			defaultConfigurationIsVisible = 0;
			defaultConfigurationName = Release;
		};
		CAD5C56D1A4A10CA00B39B8E /* Build configuration list for PBXNativeTarget "Nabu Tutorials" */ = {
			isa = XCConfigurationList;
			buildConfigurations = (
				CAD5C56E1A4A10CA00B39B8E /* Debug */,
				CAD5C56F1A4A10CA00B39B8E /* Release */,
			);
			defaultConfigurationIsVisible = 0;
		};
		CAD5C5701A4A10CA00B39B8E /* Build configuration list for PBXNativeTarget "Nabu TutorialsTests" */ = {
			isa = XCConfigurationList;
			buildConfigurations = (
				CAD5C5711A4A10CA00B39B8E /* Debug */,
				CAD5C5721A4A10CA00B39B8E /* Release */,
			);
			defaultConfigurationIsVisible = 0;
		};
/* End XCConfigurationList section */
	};
	rootObject = CAD5C5421A4A10CA00B39B8E /* Project object */;
}
